
Microsoft Visual Studio Solution File, Format Version 12.00
# Visual Studio Version 17
VisualStudioVersion = 17.3.32922.545
MinimumVisualStudioVersion = 10.0.40219.1
Project("{8BC9CEB8-8B4A-11D0-8D11-00A0C91BC942}") = "GameplaySystem", "GameplaySystem\GameplaySystem.vcxproj", "{7AFBD61B-FC45-42B8-9895-4A68CDCB3359}"
EndProject
Project("{2150E333-8FDC-42A3-9474-1A3956D46DE8}") = "RenderEngine", "RenderEngine", "{87B80035-1F11-41A5-998B-41AB86537758}"
EndProject
Project("{8BC9CEB8-8B4A-11D0-8D11-00A0C91BC942}") = "DX11RenderEngine", "..\DX11RenderEngine\DX11RenderEngine\DX11RenderEngine.vcxproj", "{6BD7BE35-E16C-474A-B507-9883AE657E1E}"
EndProject
Project("{8BC9CEB8-8B4A-11D0-8D11-00A0C91BC942}") = "dxerr", "..\DX11RenderEngine\dxerr\dxerr.vcxproj", "{F23E0F3E-9006-4510-828E-3B9EC4271041}"
EndProject
Project("{8BC9CEB8-8B4A-11D0-8D11-00A0C91BC942}") = "FNABaseStructs", "..\DX11RenderEngine\FNABaseStructs\FNABaseStructs.vcxproj", "{36BBA8F9-6C5C-4629-AA43-DA929A06DAA6}"
EndProject
Project("{8BC9CEB8-8B4A-11D0-8D11-00A0C91BC942}") = "FNADx11RenderDevice", "..\DX11RenderEngine\FNADx11RenderDevice\FNADx11RenderDevice.vcxproj", "{06439267-DC88-4847-BC16-EABC15571D98}"
EndProject
Project("{8BC9CEB8-8B4A-11D0-8D11-00A0C91BC942}") = "GraphicsVirtualMachine", "..\DX11RenderEngine\GraphicsVirtualMachine\GraphicsVirtualMachine.vcxproj", "{162DBFF2-B8FF-44A2-87FC-DBABE7AE0F28}"
EndProject
Project("{8BC9CEB8-8B4A-11D0-8D11-00A0C91BC942}") = "GVMBaseStructures", "..\DX11RenderEngine\GVMBaseStructures\GVMBaseStructures.vcxproj", "{1A9E9C14-9704-4FB5-9978-253C0E9DBB17}"
EndProject
Project("{8BC9CEB8-8B4A-11D0-8D11-00A0C91BC942}") = "VMDx11RenderDevice", "..\DX11RenderEngine\VMDx11RenderDevice\VMDx11RenderDevice.vcxproj", "{EED93469-9DCF-4A80-A11F-0D9BCB560B25}"
EndProject
Project("{8BC9CEB8-8B4A-11D0-8D11-00A0C91BC942}") = "TestSetup", "TestSetup\TestSetup.vcxproj", "{9C813107-AA79-4804-BAB6-43E99F63B1F4}"
	ProjectSection(ProjectDependencies) = postProject
		{079141C1-0E94-4CF4-9A36-EEED43B67E45} = {079141C1-0E94-4CF4-9A36-EEED43B67E45}
		{4F8B6EB6-D028-4C38-9D69-227347502957} = {4F8B6EB6-D028-4C38-9D69-227347502957}
		{A8B84BFF-0299-4F72-91B1-AFE9574B2128} = {A8B84BFF-0299-4F72-91B1-AFE9574B2128}
		{FBA51F18-63C2-43DC-A891-517C02DF5D34} = {FBA51F18-63C2-43DC-A891-517C02DF5D34}
	EndProjectSection
EndProject
Project("{9A19103F-16F7-4668-BE54-9A1E7A4F7556}") = "GameplayCore", "GameplayCore\GameplayCore.csproj", "{F94DEA5C-973F-4944-B4E3-931640477A44}"
EndProject
Project("{8BC9CEB8-8B4A-11D0-8D11-00A0C91BC942}") = "Editor", "Editor\Editor.vcxproj", "{093EE3E1-B662-4ACF-BD21-F3B0484F4EF2}"
	ProjectSection(ProjectDependencies) = postProject
		{079141C1-0E94-4CF4-9A36-EEED43B67E45} = {079141C1-0E94-4CF4-9A36-EEED43B67E45}
		{4F8B6EB6-D028-4C38-9D69-227347502957} = {4F8B6EB6-D028-4C38-9D69-227347502957}
		{FBA51F18-63C2-43DC-A891-517C02DF5D34} = {FBA51F18-63C2-43DC-A891-517C02DF5D34}
	EndProjectSection
EndProject
Project("{8BC9CEB8-8B4A-11D0-8D11-00A0C91BC942}") = "monowrapper", "monowrapper\monowrapper.vcxproj", "{7D22E2D2-85F7-4744-BE7D-2AFE0C33DED3}"
EndProject
Project("{2150E333-8FDC-42A3-9474-1A3956D46DE8}") = "Utils", "Utils", "{C0DC4A6C-B095-4824-A55B-7077F02095DA}"
EndProject
Project("{8BC9CEB8-8B4A-11D0-8D11-00A0C91BC942}") = "SimpleMath", "..\DX11RenderEngine\SimpleMath\SimpleMath.vcxproj", "{A8B84BFF-0299-4F72-91B1-AFE9574B2128}"
EndProject
Project("{8BC9CEB8-8B4A-11D0-8D11-00A0C91BC942}") = "GachiRenderSystem", "..\DX11RenderEngine\GachiRenderSystem\GachiRenderSystem.vcxproj", "{5EFFD051-4BB4-44BD-9364-4FBA2E1FD74D}"
EndProject
Project("{9A19103F-16F7-4668-BE54-9A1E7A4F7556}") = "EngineDotnetUnitTests", "EngineDotnetUnitTests\EngineDotnetUnitTests.csproj", "{A64B6AA1-7A21-4632-8FCE-7F2146E3B4D6}"
EndProject
Project("{8BC9CEB8-8B4A-11D0-8D11-00A0C91BC942}") = "InputSystem", "InputSystem\InputSystem.vcxproj", "{4F8B6EB6-D028-4C38-9D69-227347502957}"
	ProjectSection(ProjectDependencies) = postProject
		{079141C1-0E94-4CF4-9A36-EEED43B67E45} = {079141C1-0E94-4CF4-9A36-EEED43B67E45}
		{A8B84BFF-0299-4F72-91B1-AFE9574B2128} = {A8B84BFF-0299-4F72-91B1-AFE9574B2128}
	EndProjectSection
EndProject
Project("{8BC9CEB8-8B4A-11D0-8D11-00A0C91BC942}") = "Core", "Core\Core.vcxproj", "{079141C1-0E94-4CF4-9A36-EEED43B67E45}"
	ProjectSection(ProjectDependencies) = postProject
		{A8B84BFF-0299-4F72-91B1-AFE9574B2128} = {A8B84BFF-0299-4F72-91B1-AFE9574B2128}
	EndProjectSection
EndProject
Project("{8BC9CEB8-8B4A-11D0-8D11-00A0C91BC942}") = "Logger", "Logger\Logger.vcxproj", "{4BE9D43D-0651-4BAE-B946-BC4395ADC7CD}"
EndProject
Project("{8BC9CEB8-8B4A-11D0-8D11-00A0C91BC942}") = "Navigation", "Navigation\Navigation.vcxproj", "{FBA51F18-63C2-43DC-A891-517C02DF5D34}"
	ProjectSection(ProjectDependencies) = postProject
		{079141C1-0E94-4CF4-9A36-EEED43B67E45} = {079141C1-0E94-4CF4-9A36-EEED43B67E45}
		{A8B84BFF-0299-4F72-91B1-AFE9574B2128} = {A8B84BFF-0299-4F72-91B1-AFE9574B2128}
	EndProjectSection
EndProject
Global
	GlobalSection(SolutionConfigurationPlatforms) = preSolution
		Debug|Any CPU = Debug|Any CPU
		Debug|x64 = Debug|x64
		Debug|x86 = Debug|x86
		Release|Any CPU = Release|Any CPU
		Release|x64 = Release|x64
		Release|x86 = Release|x86
	EndGlobalSection
	GlobalSection(ProjectConfigurationPlatforms) = postSolution
		{7AFBD61B-FC45-42B8-9895-4A68CDCB3359}.Debug|Any CPU.ActiveCfg = Debug|x64
		{7AFBD61B-FC45-42B8-9895-4A68CDCB3359}.Debug|Any CPU.Build.0 = Debug|x64
		{7AFBD61B-FC45-42B8-9895-4A68CDCB3359}.Debug|x64.ActiveCfg = Debug|x64
		{7AFBD61B-FC45-42B8-9895-4A68CDCB3359}.Debug|x64.Build.0 = Debug|x64
		{7AFBD61B-FC45-42B8-9895-4A68CDCB3359}.Debug|x86.ActiveCfg = Debug|Win32
		{7AFBD61B-FC45-42B8-9895-4A68CDCB3359}.Debug|x86.Build.0 = Debug|Win32
		{7AFBD61B-FC45-42B8-9895-4A68CDCB3359}.Release|Any CPU.ActiveCfg = Release|x64
		{7AFBD61B-FC45-42B8-9895-4A68CDCB3359}.Release|Any CPU.Build.0 = Release|x64
		{7AFBD61B-FC45-42B8-9895-4A68CDCB3359}.Release|x64.ActiveCfg = Release|x64
		{7AFBD61B-FC45-42B8-9895-4A68CDCB3359}.Release|x64.Build.0 = Release|x64
		{7AFBD61B-FC45-42B8-9895-4A68CDCB3359}.Release|x86.ActiveCfg = Release|Win32
		{7AFBD61B-FC45-42B8-9895-4A68CDCB3359}.Release|x86.Build.0 = Release|Win32
		{6BD7BE35-E16C-474A-B507-9883AE657E1E}.Debug|Any CPU.ActiveCfg = Debug|x64
		{6BD7BE35-E16C-474A-B507-9883AE657E1E}.Debug|Any CPU.Build.0 = Debug|x64
		{6BD7BE35-E16C-474A-B507-9883AE657E1E}.Debug|x64.ActiveCfg = Debug|x64
		{6BD7BE35-E16C-474A-B507-9883AE657E1E}.Debug|x64.Build.0 = Debug|x64
		{6BD7BE35-E16C-474A-B507-9883AE657E1E}.Debug|x86.ActiveCfg = Debug|Win32
		{6BD7BE35-E16C-474A-B507-9883AE657E1E}.Debug|x86.Build.0 = Debug|Win32
		{6BD7BE35-E16C-474A-B507-9883AE657E1E}.Release|Any CPU.ActiveCfg = Release|x64
		{6BD7BE35-E16C-474A-B507-9883AE657E1E}.Release|Any CPU.Build.0 = Release|x64
		{6BD7BE35-E16C-474A-B507-9883AE657E1E}.Release|x64.ActiveCfg = Release|x64
		{6BD7BE35-E16C-474A-B507-9883AE657E1E}.Release|x64.Build.0 = Release|x64
		{6BD7BE35-E16C-474A-B507-9883AE657E1E}.Release|x86.ActiveCfg = Release|Win32
		{6BD7BE35-E16C-474A-B507-9883AE657E1E}.Release|x86.Build.0 = Release|Win32
		{F23E0F3E-9006-4510-828E-3B9EC4271041}.Debug|Any CPU.ActiveCfg = Debug|x64
		{F23E0F3E-9006-4510-828E-3B9EC4271041}.Debug|Any CPU.Build.0 = Debug|x64
		{F23E0F3E-9006-4510-828E-3B9EC4271041}.Debug|x64.ActiveCfg = Debug|x64
		{F23E0F3E-9006-4510-828E-3B9EC4271041}.Debug|x64.Build.0 = Debug|x64
		{F23E0F3E-9006-4510-828E-3B9EC4271041}.Debug|x86.ActiveCfg = Debug|Win32
		{F23E0F3E-9006-4510-828E-3B9EC4271041}.Debug|x86.Build.0 = Debug|Win32
		{F23E0F3E-9006-4510-828E-3B9EC4271041}.Release|Any CPU.ActiveCfg = Release|x64
		{F23E0F3E-9006-4510-828E-3B9EC4271041}.Release|Any CPU.Build.0 = Release|x64
		{F23E0F3E-9006-4510-828E-3B9EC4271041}.Release|x64.ActiveCfg = Release|x64
		{F23E0F3E-9006-4510-828E-3B9EC4271041}.Release|x64.Build.0 = Release|x64
		{F23E0F3E-9006-4510-828E-3B9EC4271041}.Release|x86.ActiveCfg = Release|Win32
		{F23E0F3E-9006-4510-828E-3B9EC4271041}.Release|x86.Build.0 = Release|Win32
		{36BBA8F9-6C5C-4629-AA43-DA929A06DAA6}.Debug|Any CPU.ActiveCfg = Debug|x64
		{36BBA8F9-6C5C-4629-AA43-DA929A06DAA6}.Debug|Any CPU.Build.0 = Debug|x64
		{36BBA8F9-6C5C-4629-AA43-DA929A06DAA6}.Debug|x64.ActiveCfg = Debug|x64
		{36BBA8F9-6C5C-4629-AA43-DA929A06DAA6}.Debug|x64.Build.0 = Debug|x64
		{36BBA8F9-6C5C-4629-AA43-DA929A06DAA6}.Debug|x86.ActiveCfg = Debug|Win32
		{36BBA8F9-6C5C-4629-AA43-DA929A06DAA6}.Debug|x86.Build.0 = Debug|Win32
		{36BBA8F9-6C5C-4629-AA43-DA929A06DAA6}.Release|Any CPU.ActiveCfg = Release|x64
		{36BBA8F9-6C5C-4629-AA43-DA929A06DAA6}.Release|Any CPU.Build.0 = Release|x64
		{36BBA8F9-6C5C-4629-AA43-DA929A06DAA6}.Release|x64.ActiveCfg = Release|x64
		{36BBA8F9-6C5C-4629-AA43-DA929A06DAA6}.Release|x64.Build.0 = Release|x64
		{36BBA8F9-6C5C-4629-AA43-DA929A06DAA6}.Release|x86.ActiveCfg = Release|Win32
		{36BBA8F9-6C5C-4629-AA43-DA929A06DAA6}.Release|x86.Build.0 = Release|Win32
		{06439267-DC88-4847-BC16-EABC15571D98}.Debug|Any CPU.ActiveCfg = Debug|x64
		{06439267-DC88-4847-BC16-EABC15571D98}.Debug|Any CPU.Build.0 = Debug|x64
		{06439267-DC88-4847-BC16-EABC15571D98}.Debug|x64.ActiveCfg = Debug|x64
		{06439267-DC88-4847-BC16-EABC15571D98}.Debug|x64.Build.0 = Debug|x64
		{06439267-DC88-4847-BC16-EABC15571D98}.Debug|x86.ActiveCfg = Debug|Win32
		{06439267-DC88-4847-BC16-EABC15571D98}.Debug|x86.Build.0 = Debug|Win32
		{06439267-DC88-4847-BC16-EABC15571D98}.Release|Any CPU.ActiveCfg = Release|x64
		{06439267-DC88-4847-BC16-EABC15571D98}.Release|Any CPU.Build.0 = Release|x64
		{06439267-DC88-4847-BC16-EABC15571D98}.Release|x64.ActiveCfg = Release|x64
		{06439267-DC88-4847-BC16-EABC15571D98}.Release|x64.Build.0 = Release|x64
		{06439267-DC88-4847-BC16-EABC15571D98}.Release|x86.ActiveCfg = Release|Win32
		{06439267-DC88-4847-BC16-EABC15571D98}.Release|x86.Build.0 = Release|Win32
		{162DBFF2-B8FF-44A2-87FC-DBABE7AE0F28}.Debug|Any CPU.ActiveCfg = Debug|x64
		{162DBFF2-B8FF-44A2-87FC-DBABE7AE0F28}.Debug|Any CPU.Build.0 = Debug|x64
		{162DBFF2-B8FF-44A2-87FC-DBABE7AE0F28}.Debug|x64.ActiveCfg = Debug|x64
		{162DBFF2-B8FF-44A2-87FC-DBABE7AE0F28}.Debug|x64.Build.0 = Debug|x64
		{162DBFF2-B8FF-44A2-87FC-DBABE7AE0F28}.Debug|x86.ActiveCfg = Debug|Win32
		{162DBFF2-B8FF-44A2-87FC-DBABE7AE0F28}.Debug|x86.Build.0 = Debug|Win32
		{162DBFF2-B8FF-44A2-87FC-DBABE7AE0F28}.Release|Any CPU.ActiveCfg = Release|x64
		{162DBFF2-B8FF-44A2-87FC-DBABE7AE0F28}.Release|Any CPU.Build.0 = Release|x64
		{162DBFF2-B8FF-44A2-87FC-DBABE7AE0F28}.Release|x64.ActiveCfg = Release|x64
		{162DBFF2-B8FF-44A2-87FC-DBABE7AE0F28}.Release|x64.Build.0 = Release|x64
		{162DBFF2-B8FF-44A2-87FC-DBABE7AE0F28}.Release|x86.ActiveCfg = Release|Win32
		{162DBFF2-B8FF-44A2-87FC-DBABE7AE0F28}.Release|x86.Build.0 = Release|Win32
		{1A9E9C14-9704-4FB5-9978-253C0E9DBB17}.Debug|Any CPU.ActiveCfg = Debug|x64
		{1A9E9C14-9704-4FB5-9978-253C0E9DBB17}.Debug|Any CPU.Build.0 = Debug|x64
		{1A9E9C14-9704-4FB5-9978-253C0E9DBB17}.Debug|x64.ActiveCfg = Debug|x64
		{1A9E9C14-9704-4FB5-9978-253C0E9DBB17}.Debug|x64.Build.0 = Debug|x64
		{1A9E9C14-9704-4FB5-9978-253C0E9DBB17}.Debug|x86.ActiveCfg = Debug|Win32
		{1A9E9C14-9704-4FB5-9978-253C0E9DBB17}.Debug|x86.Build.0 = Debug|Win32
		{1A9E9C14-9704-4FB5-9978-253C0E9DBB17}.Release|Any CPU.ActiveCfg = Release|x64
		{1A9E9C14-9704-4FB5-9978-253C0E9DBB17}.Release|Any CPU.Build.0 = Release|x64
		{1A9E9C14-9704-4FB5-9978-253C0E9DBB17}.Release|x64.ActiveCfg = Release|x64
		{1A9E9C14-9704-4FB5-9978-253C0E9DBB17}.Release|x64.Build.0 = Release|x64
		{1A9E9C14-9704-4FB5-9978-253C0E9DBB17}.Release|x86.ActiveCfg = Release|Win32
		{1A9E9C14-9704-4FB5-9978-253C0E9DBB17}.Release|x86.Build.0 = Release|Win32
		{EED93469-9DCF-4A80-A11F-0D9BCB560B25}.Debug|Any CPU.ActiveCfg = Debug|x64
		{EED93469-9DCF-4A80-A11F-0D9BCB560B25}.Debug|Any CPU.Build.0 = Debug|x64
		{EED93469-9DCF-4A80-A11F-0D9BCB560B25}.Debug|x64.ActiveCfg = Debug|x64
		{EED93469-9DCF-4A80-A11F-0D9BCB560B25}.Debug|x64.Build.0 = Debug|x64
		{EED93469-9DCF-4A80-A11F-0D9BCB560B25}.Debug|x86.ActiveCfg = Debug|Win32
		{EED93469-9DCF-4A80-A11F-0D9BCB560B25}.Debug|x86.Build.0 = Debug|Win32
		{EED93469-9DCF-4A80-A11F-0D9BCB560B25}.Release|Any CPU.ActiveCfg = Release|x64
		{EED93469-9DCF-4A80-A11F-0D9BCB560B25}.Release|Any CPU.Build.0 = Release|x64
		{EED93469-9DCF-4A80-A11F-0D9BCB560B25}.Release|x64.ActiveCfg = Release|x64
		{EED93469-9DCF-4A80-A11F-0D9BCB560B25}.Release|x64.Build.0 = Release|x64
		{EED93469-9DCF-4A80-A11F-0D9BCB560B25}.Release|x86.ActiveCfg = Release|Win32
		{EED93469-9DCF-4A80-A11F-0D9BCB560B25}.Release|x86.Build.0 = Release|Win32
		{9C813107-AA79-4804-BAB6-43E99F63B1F4}.Debug|Any CPU.ActiveCfg = Debug|x64
		{9C813107-AA79-4804-BAB6-43E99F63B1F4}.Debug|Any CPU.Build.0 = Debug|x64
		{9C813107-AA79-4804-BAB6-43E99F63B1F4}.Debug|x64.ActiveCfg = Debug|x64
		{9C813107-AA79-4804-BAB6-43E99F63B1F4}.Debug|x64.Build.0 = Debug|x64
		{9C813107-AA79-4804-BAB6-43E99F63B1F4}.Debug|x86.ActiveCfg = Debug|Win32
		{9C813107-AA79-4804-BAB6-43E99F63B1F4}.Debug|x86.Build.0 = Debug|Win32
		{9C813107-AA79-4804-BAB6-43E99F63B1F4}.Release|Any CPU.ActiveCfg = Release|x64
		{9C813107-AA79-4804-BAB6-43E99F63B1F4}.Release|Any CPU.Build.0 = Release|x64
		{9C813107-AA79-4804-BAB6-43E99F63B1F4}.Release|x64.ActiveCfg = Release|x64
		{9C813107-AA79-4804-BAB6-43E99F63B1F4}.Release|x64.Build.0 = Release|x64
		{9C813107-AA79-4804-BAB6-43E99F63B1F4}.Release|x86.ActiveCfg = Release|Win32
		{9C813107-AA79-4804-BAB6-43E99F63B1F4}.Release|x86.Build.0 = Release|Win32
		{F94DEA5C-973F-4944-B4E3-931640477A44}.Debug|Any CPU.ActiveCfg = Debug|Any CPU
		{F94DEA5C-973F-4944-B4E3-931640477A44}.Debug|Any CPU.Build.0 = Debug|Any CPU
		{F94DEA5C-973F-4944-B4E3-931640477A44}.Debug|x64.ActiveCfg = Debug|Any CPU
		{F94DEA5C-973F-4944-B4E3-931640477A44}.Debug|x64.Build.0 = Debug|Any CPU
		{F94DEA5C-973F-4944-B4E3-931640477A44}.Debug|x86.ActiveCfg = Debug|Any CPU
		{F94DEA5C-973F-4944-B4E3-931640477A44}.Debug|x86.Build.0 = Debug|Any CPU
		{F94DEA5C-973F-4944-B4E3-931640477A44}.Release|Any CPU.ActiveCfg = Release|Any CPU
		{F94DEA5C-973F-4944-B4E3-931640477A44}.Release|Any CPU.Build.0 = Release|Any CPU
		{F94DEA5C-973F-4944-B4E3-931640477A44}.Release|x64.ActiveCfg = Release|Any CPU
		{F94DEA5C-973F-4944-B4E3-931640477A44}.Release|x64.Build.0 = Release|Any CPU
		{F94DEA5C-973F-4944-B4E3-931640477A44}.Release|x86.ActiveCfg = Release|Any CPU
		{F94DEA5C-973F-4944-B4E3-931640477A44}.Release|x86.Build.0 = Release|Any CPU
		{093EE3E1-B662-4ACF-BD21-F3B0484F4EF2}.Debug|Any CPU.ActiveCfg = Debug|x64
		{093EE3E1-B662-4ACF-BD21-F3B0484F4EF2}.Debug|Any CPU.Build.0 = Debug|x64
		{093EE3E1-B662-4ACF-BD21-F3B0484F4EF2}.Debug|x64.ActiveCfg = Debug|x64
		{093EE3E1-B662-4ACF-BD21-F3B0484F4EF2}.Debug|x64.Build.0 = Debug|x64
		{093EE3E1-B662-4ACF-BD21-F3B0484F4EF2}.Debug|x86.ActiveCfg = Debug|Win32
		{093EE3E1-B662-4ACF-BD21-F3B0484F4EF2}.Debug|x86.Build.0 = Debug|Win32
		{093EE3E1-B662-4ACF-BD21-F3B0484F4EF2}.Release|Any CPU.ActiveCfg = Release|x64
		{093EE3E1-B662-4ACF-BD21-F3B0484F4EF2}.Release|Any CPU.Build.0 = Release|x64
		{093EE3E1-B662-4ACF-BD21-F3B0484F4EF2}.Release|x64.ActiveCfg = Release|x64
		{093EE3E1-B662-4ACF-BD21-F3B0484F4EF2}.Release|x64.Build.0 = Release|x64
		{093EE3E1-B662-4ACF-BD21-F3B0484F4EF2}.Release|x86.ActiveCfg = Release|Win32
		{093EE3E1-B662-4ACF-BD21-F3B0484F4EF2}.Release|x86.Build.0 = Release|Win32
		{7D22E2D2-85F7-4744-BE7D-2AFE0C33DED3}.Debug|Any CPU.ActiveCfg = Debug|x64
		{7D22E2D2-85F7-4744-BE7D-2AFE0C33DED3}.Debug|Any CPU.Build.0 = Debug|x64
		{7D22E2D2-85F7-4744-BE7D-2AFE0C33DED3}.Debug|x64.ActiveCfg = Debug|x64
		{7D22E2D2-85F7-4744-BE7D-2AFE0C33DED3}.Debug|x64.Build.0 = Debug|x64
		{7D22E2D2-85F7-4744-BE7D-2AFE0C33DED3}.Debug|x86.ActiveCfg = Debug|Win32
		{7D22E2D2-85F7-4744-BE7D-2AFE0C33DED3}.Debug|x86.Build.0 = Debug|Win32
		{7D22E2D2-85F7-4744-BE7D-2AFE0C33DED3}.Release|Any CPU.ActiveCfg = Release|x64
		{7D22E2D2-85F7-4744-BE7D-2AFE0C33DED3}.Release|Any CPU.Build.0 = Release|x64
		{7D22E2D2-85F7-4744-BE7D-2AFE0C33DED3}.Release|x64.ActiveCfg = Release|x64
		{7D22E2D2-85F7-4744-BE7D-2AFE0C33DED3}.Release|x64.Build.0 = Release|x64
		{7D22E2D2-85F7-4744-BE7D-2AFE0C33DED3}.Release|x86.ActiveCfg = Release|Win32
		{7D22E2D2-85F7-4744-BE7D-2AFE0C33DED3}.Release|x86.Build.0 = Release|Win32
		{A8B84BFF-0299-4F72-91B1-AFE9574B2128}.Debug|Any CPU.ActiveCfg = Debug|x64
		{A8B84BFF-0299-4F72-91B1-AFE9574B2128}.Debug|Any CPU.Build.0 = Debug|x64
		{A8B84BFF-0299-4F72-91B1-AFE9574B2128}.Debug|x64.ActiveCfg = Debug|x64
		{A8B84BFF-0299-4F72-91B1-AFE9574B2128}.Debug|x64.Build.0 = Debug|x64
		{A8B84BFF-0299-4F72-91B1-AFE9574B2128}.Debug|x86.ActiveCfg = Debug|Win32
		{A8B84BFF-0299-4F72-91B1-AFE9574B2128}.Debug|x86.Build.0 = Debug|Win32
		{A8B84BFF-0299-4F72-91B1-AFE9574B2128}.Release|Any CPU.ActiveCfg = Release|x64
		{A8B84BFF-0299-4F72-91B1-AFE9574B2128}.Release|Any CPU.Build.0 = Release|x64
		{A8B84BFF-0299-4F72-91B1-AFE9574B2128}.Release|x64.ActiveCfg = Release|x64
		{A8B84BFF-0299-4F72-91B1-AFE9574B2128}.Release|x64.Build.0 = Release|x64
		{A8B84BFF-0299-4F72-91B1-AFE9574B2128}.Release|x86.ActiveCfg = Release|Win32
		{A8B84BFF-0299-4F72-91B1-AFE9574B2128}.Release|x86.Build.0 = Release|Win32
		{5EFFD051-4BB4-44BD-9364-4FBA2E1FD74D}.Debug|Any CPU.ActiveCfg = Debug|x64
		{5EFFD051-4BB4-44BD-9364-4FBA2E1FD74D}.Debug|Any CPU.Build.0 = Debug|x64
		{5EFFD051-4BB4-44BD-9364-4FBA2E1FD74D}.Debug|x64.ActiveCfg = Debug|x64
		{5EFFD051-4BB4-44BD-9364-4FBA2E1FD74D}.Debug|x64.Build.0 = Debug|x64
		{5EFFD051-4BB4-44BD-9364-4FBA2E1FD74D}.Debug|x86.ActiveCfg = Debug|Win32
		{5EFFD051-4BB4-44BD-9364-4FBA2E1FD74D}.Debug|x86.Build.0 = Debug|Win32
		{5EFFD051-4BB4-44BD-9364-4FBA2E1FD74D}.Release|Any CPU.ActiveCfg = Release|x64
		{5EFFD051-4BB4-44BD-9364-4FBA2E1FD74D}.Release|Any CPU.Build.0 = Release|x64
		{5EFFD051-4BB4-44BD-9364-4FBA2E1FD74D}.Release|x64.ActiveCfg = Release|x64
		{5EFFD051-4BB4-44BD-9364-4FBA2E1FD74D}.Release|x64.Build.0 = Release|x64
		{5EFFD051-4BB4-44BD-9364-4FBA2E1FD74D}.Release|x86.ActiveCfg = Release|Win32
		{5EFFD051-4BB4-44BD-9364-4FBA2E1FD74D}.Release|x86.Build.0 = Release|Win32
		{A64B6AA1-7A21-4632-8FCE-7F2146E3B4D6}.Debug|Any CPU.ActiveCfg = Debug|Any CPU
		{A64B6AA1-7A21-4632-8FCE-7F2146E3B4D6}.Debug|Any CPU.Build.0 = Debug|Any CPU
		{A64B6AA1-7A21-4632-8FCE-7F2146E3B4D6}.Debug|x64.ActiveCfg = Debug|Any CPU
		{A64B6AA1-7A21-4632-8FCE-7F2146E3B4D6}.Debug|x64.Build.0 = Debug|Any CPU
		{A64B6AA1-7A21-4632-8FCE-7F2146E3B4D6}.Debug|x86.ActiveCfg = Debug|Any CPU
		{A64B6AA1-7A21-4632-8FCE-7F2146E3B4D6}.Debug|x86.Build.0 = Debug|Any CPU
		{A64B6AA1-7A21-4632-8FCE-7F2146E3B4D6}.Release|Any CPU.ActiveCfg = Release|Any CPU
		{A64B6AA1-7A21-4632-8FCE-7F2146E3B4D6}.Release|Any CPU.Build.0 = Release|Any CPU
		{A64B6AA1-7A21-4632-8FCE-7F2146E3B4D6}.Release|x64.ActiveCfg = Release|Any CPU
		{A64B6AA1-7A21-4632-8FCE-7F2146E3B4D6}.Release|x64.Build.0 = Release|Any CPU
		{A64B6AA1-7A21-4632-8FCE-7F2146E3B4D6}.Release|x86.ActiveCfg = Release|Any CPU
		{A64B6AA1-7A21-4632-8FCE-7F2146E3B4D6}.Release|x86.Build.0 = Release|Any CPU
		{4F8B6EB6-D028-4C38-9D69-227347502957}.Debug|Any CPU.ActiveCfg = Debug|x64
		{4F8B6EB6-D028-4C38-9D69-227347502957}.Debug|Any CPU.Build.0 = Debug|x64
		{4F8B6EB6-D028-4C38-9D69-227347502957}.Debug|x64.ActiveCfg = Debug|x64
		{4F8B6EB6-D028-4C38-9D69-227347502957}.Debug|x64.Build.0 = Debug|x64
		{4F8B6EB6-D028-4C38-9D69-227347502957}.Debug|x86.ActiveCfg = Debug|Win32
		{4F8B6EB6-D028-4C38-9D69-227347502957}.Debug|x86.Build.0 = Debug|Win32
		{4F8B6EB6-D028-4C38-9D69-227347502957}.Release|Any CPU.ActiveCfg = Release|x64
		{4F8B6EB6-D028-4C38-9D69-227347502957}.Release|Any CPU.Build.0 = Release|x64
		{4F8B6EB6-D028-4C38-9D69-227347502957}.Release|x64.ActiveCfg = Release|x64
		{4F8B6EB6-D028-4C38-9D69-227347502957}.Release|x64.Build.0 = Release|x64
		{4F8B6EB6-D028-4C38-9D69-227347502957}.Release|x86.ActiveCfg = Release|Win32
		{4F8B6EB6-D028-4C38-9D69-227347502957}.Release|x86.Build.0 = Release|Win32
		{079141C1-0E94-4CF4-9A36-EEED43B67E45}.Debug|Any CPU.ActiveCfg = Debug|x64
		{079141C1-0E94-4CF4-9A36-EEED43B67E45}.Debug|Any CPU.Build.0 = Debug|x64
		{079141C1-0E94-4CF4-9A36-EEED43B67E45}.Debug|x64.ActiveCfg = Debug|x64
		{079141C1-0E94-4CF4-9A36-EEED43B67E45}.Debug|x64.Build.0 = Debug|x64
		{079141C1-0E94-4CF4-9A36-EEED43B67E45}.Debug|x86.ActiveCfg = Debug|Win32
		{079141C1-0E94-4CF4-9A36-EEED43B67E45}.Debug|x86.Build.0 = Debug|Win32
		{079141C1-0E94-4CF4-9A36-EEED43B67E45}.Release|Any CPU.ActiveCfg = Release|x64
		{079141C1-0E94-4CF4-9A36-EEED43B67E45}.Release|Any CPU.Build.0 = Release|x64
		{079141C1-0E94-4CF4-9A36-EEED43B67E45}.Release|x64.ActiveCfg = Release|x64
		{079141C1-0E94-4CF4-9A36-EEED43B67E45}.Release|x64.Build.0 = Release|x64
		{079141C1-0E94-4CF4-9A36-EEED43B67E45}.Release|x86.ActiveCfg = Release|Win32
		{079141C1-0E94-4CF4-9A36-EEED43B67E45}.Release|x86.Build.0 = Release|Win32
		{4BE9D43D-0651-4BAE-B946-BC4395ADC7CD}.Debug|Any CPU.ActiveCfg = Debug|x64
		{4BE9D43D-0651-4BAE-B946-BC4395ADC7CD}.Debug|Any CPU.Build.0 = Debug|x64
		{4BE9D43D-0651-4BAE-B946-BC4395ADC7CD}.Debug|x64.ActiveCfg = Debug|x64
		{4BE9D43D-0651-4BAE-B946-BC4395ADC7CD}.Debug|x64.Build.0 = Debug|x64
		{4BE9D43D-0651-4BAE-B946-BC4395ADC7CD}.Debug|x86.ActiveCfg = Debug|Win32
		{4BE9D43D-0651-4BAE-B946-BC4395ADC7CD}.Debug|x86.Build.0 = Debug|Win32
		{4BE9D43D-0651-4BAE-B946-BC4395ADC7CD}.Release|Any CPU.ActiveCfg = Release|x64
		{4BE9D43D-0651-4BAE-B946-BC4395ADC7CD}.Release|Any CPU.Build.0 = Release|x64
		{4BE9D43D-0651-4BAE-B946-BC4395ADC7CD}.Release|x64.ActiveCfg = Release|x64
		{4BE9D43D-0651-4BAE-B946-BC4395ADC7CD}.Release|x64.Build.0 = Release|x64
		{4BE9D43D-0651-4BAE-B946-BC4395ADC7CD}.Release|x86.ActiveCfg = Release|Win32
		{4BE9D43D-0651-4BAE-B946-BC4395ADC7CD}.Release|x86.Build.0 = Release|Win32
		{FBA51F18-63C2-43DC-A891-517C02DF5D34}.Debug|Any CPU.ActiveCfg = Debug|x64
		{FBA51F18-63C2-43DC-A891-517C02DF5D34}.Debug|Any CPU.Build.0 = Debug|x64
		{FBA51F18-63C2-43DC-A891-517C02DF5D34}.Debug|x64.ActiveCfg = Debug|x64
		{FBA51F18-63C2-43DC-A891-517C02DF5D34}.Debug|x64.Build.0 = Debug|x64
		{FBA51F18-63C2-43DC-A891-517C02DF5D34}.Debug|x86.ActiveCfg = Debug|Win32
		{FBA51F18-63C2-43DC-A891-517C02DF5D34}.Debug|x86.Build.0 = Debug|Win32
		{FBA51F18-63C2-43DC-A891-517C02DF5D34}.Release|Any CPU.ActiveCfg = Release|x64
		{FBA51F18-63C2-43DC-A891-517C02DF5D34}.Release|Any CPU.Build.0 = Release|x64
		{FBA51F18-63C2-43DC-A891-517C02DF5D34}.Release|x64.ActiveCfg = Release|x64
		{FBA51F18-63C2-43DC-A891-517C02DF5D34}.Release|x64.Build.0 = Release|x64
		{FBA51F18-63C2-43DC-A891-517C02DF5D34}.Release|x86.ActiveCfg = Release|Win32
		{FBA51F18-63C2-43DC-A891-517C02DF5D34}.Release|x86.Build.0 = Release|Win32
	EndGlobalSection
	GlobalSection(SolutionProperties) = preSolution
		HideSolutionNode = FALSE
	EndGlobalSection
	GlobalSection(NestedProjects) = preSolution
		{6BD7BE35-E16C-474A-B507-9883AE657E1E} = {87B80035-1F11-41A5-998B-41AB86537758}
		{F23E0F3E-9006-4510-828E-3B9EC4271041} = {87B80035-1F11-41A5-998B-41AB86537758}
		{36BBA8F9-6C5C-4629-AA43-DA929A06DAA6} = {87B80035-1F11-41A5-998B-41AB86537758}
		{06439267-DC88-4847-BC16-EABC15571D98} = {87B80035-1F11-41A5-998B-41AB86537758}
		{162DBFF2-B8FF-44A2-87FC-DBABE7AE0F28} = {87B80035-1F11-41A5-998B-41AB86537758}
		{1A9E9C14-9704-4FB5-9978-253C0E9DBB17} = {87B80035-1F11-41A5-998B-41AB86537758}
		{EED93469-9DCF-4A80-A11F-0D9BCB560B25} = {87B80035-1F11-41A5-998B-41AB86537758}
		{A8B84BFF-0299-4F72-91B1-AFE9574B2128} = {87B80035-1F11-41A5-998B-41AB86537758}
		{5EFFD051-4BB4-44BD-9364-4FBA2E1FD74D} = {87B80035-1F11-41A5-998B-41AB86537758}
	EndGlobalSection
	GlobalSection(ExtensibilityGlobals) = postSolution
		SolutionGuid = {A118051B-F0C2-4910-B81E-AE2922D43860}
	EndGlobalSection
EndGlobal
