<?xml version="1.0" encoding="utf-8"?>
<Project ToolsVersion="4.0" xmlns="http://schemas.microsoft.com/developer/msbuild/2003">
  <ItemGroup>
    <Filter Include="Source Files">
      <UniqueIdentifier>{4FC737F1-C7A5-4376-A066-2A32D752A2FF}</UniqueIdentifier>
      <Extensions>cpp;c;cc;cxx;c++;cppm;ixx;def;odl;idl;hpj;bat;asm;asmx</Extensions>
    </Filter>
    <Filter Include="Header Files">
      <UniqueIdentifier>{93995380-89BD-4b04-88EB-625FBE52EBFB}</UniqueIdentifier>
      <Extensions>h;hh;hpp;hxx;h++;hm;inl;inc;ipp;xsd</Extensions>
    </Filter>
    <Filter Include="Resource Files">
      <UniqueIdentifier>{67DA6AB6-F800-4c08-8B7A-83BB121AAD01}</UniqueIdentifier>
      <Extensions>rc;ico;cur;bmp;dlg;rc2;rct;bin;rgs;gif;jpg;jpeg;jpe;resx;tiff;tif;png;wav;mfcribbon-ms</Extensions>
    </Filter>
    <Filter Include="libs">
      <UniqueIdentifier>{d52f4f88-8a61-4c82-9ae0-f627643aef4e}</UniqueIdentifier>
    </Filter>
    <Filter Include="libs\ini">
      <UniqueIdentifier>{48eec158-8282-492f-af12-cefed4b1e8db}</UniqueIdentifier>
    </Filter>
    <Filter Include="Interfaces">
      <UniqueIdentifier>{d3b49655-0ae1-481d-a5e3-ba973b6ebe3a}</UniqueIdentifier>
    </Filter>
    <Filter Include="Windows">
      <UniqueIdentifier>{db6ed31c-7839-455a-b7cd-fc2218bc1b13}</UniqueIdentifier>
    </Filter>
    <Filter Include="Enums">
      <UniqueIdentifier>{06aa79a6-47ab-4fdc-b6d8-5910f9dab279}</UniqueIdentifier>
    </Filter>
    <Filter Include="libs\luguru">
      <UniqueIdentifier>{5316b901-3559-46b5-b734-cec1a9168832}</UniqueIdentifier>
    </Filter>
    <Filter Include="libs\Recast">
      <UniqueIdentifier>{6a62a133-76e0-4694-bc5f-bbb1782ff4b0}</UniqueIdentifier>
    </Filter>
    <Filter Include="libs\DetourTileCache">
      <UniqueIdentifier>{1f9236a8-edd6-4beb-8d4f-78f747613d47}</UniqueIdentifier>
    </Filter>
    <Filter Include="libs\DetourCrowd">
      <UniqueIdentifier>{6a1890a1-160d-4578-a56d-3122d08e3790}</UniqueIdentifier>
    </Filter>
    <Filter Include="libs\Detour">
      <UniqueIdentifier>{b9a6aa62-6173-4925-9c8e-53fb60250ed6}</UniqueIdentifier>
    </Filter>
    <Filter Include="libs\DebugUtils">
      <UniqueIdentifier>{7fbf9327-8652-4549-8d29-1d2a8791b4a7}</UniqueIdentifier>
    </Filter>
  </ItemGroup>
  <ItemGroup>
    <ClInclude Include="libs\imgui_sugar.hpp">
      <Filter>libs</Filter>
    </ClInclude>
    <ClInclude Include="libs\magic_enum.hpp">
      <Filter>libs</Filter>
    </ClInclude>
    <ClInclude Include="libs\MathUtility.h">
      <Filter>libs</Filter>
    </ClInclude>
    <ClInclude Include="libs\MemoryUtility.h">
      <Filter>libs</Filter>
    </ClInclude>
    <ClInclude Include="libs\nameof.hpp">
      <Filter>libs</Filter>
    </ClInclude>
    <ClInclude Include="libs\ini\ini.h">
      <Filter>libs\ini</Filter>
    </ClInclude>
    <ClInclude Include="Windows\GenericWindow.h">
      <Filter>Windows</Filter>
    </ClInclude>
    <ClInclude Include="Windows\GenericWindowDefinition.h">
      <Filter>Windows</Filter>
    </ClInclude>
    <ClInclude Include="Windows\WindowsWindow.h">
      <Filter>Windows</Filter>
    </ClInclude>
    <ClInclude Include="Interfaces\IApplication.h">
      <Filter>Interfaces</Filter>
    </ClInclude>
    <ClInclude Include="Interfaces\IWindowsApplication.h">
      <Filter>Interfaces</Filter>
    </ClInclude>
    <ClInclude Include="Definitions.h">
      <Filter>Header Files</Filter>
    </ClInclude>
    <ClInclude Include="libs\Delegates.h">
      <Filter>libs</Filter>
    </ClInclude>
    <ClInclude Include="Interfaces\IRender.h">
      <Filter>Interfaces</Filter>
    </ClInclude>
    <ClInclude Include="Interfaces\ILayer.h">
      <Filter>Interfaces</Filter>
    </ClInclude>
    <ClInclude Include="Enums\EditorInputMode.h">
      <Filter>Enums</Filter>
    </ClInclude>
    <ClInclude Include="libs\loguru\loguru.hpp">
      <Filter>libs\luguru</Filter>
    </ClInclude>
    <ClInclude Include="libs\DebugUtils\Include\DebugDraw.h">
      <Filter>libs\DebugUtils</Filter>
    </ClInclude>
    <ClInclude Include="libs\DebugUtils\Include\DetourDebugDraw.h">
      <Filter>libs\DebugUtils</Filter>
    </ClInclude>
    <ClInclude Include="libs\DebugUtils\Include\RecastDebugDraw.h">
      <Filter>libs\DebugUtils</Filter>
    </ClInclude>
    <ClInclude Include="libs\DebugUtils\Include\RecastDump.h">
      <Filter>libs\DebugUtils</Filter>
    </ClInclude>
    <ClInclude Include="libs\DetourTileCache\Include\DetourTileCache.h">
      <Filter>libs\DetourTileCache</Filter>
    </ClInclude>
    <ClInclude Include="libs\DetourTileCache\Include\DetourTileCacheBuilder.h">
      <Filter>libs\DetourTileCache</Filter>
    </ClInclude>
    <ClInclude Include="libs\DetourCrowd\Include\DetourCrowd.h">
      <Filter>libs\DetourCrowd</Filter>
    </ClInclude>
    <ClInclude Include="libs\DetourCrowd\Include\DetourLocalBoundary.h">
      <Filter>libs\DetourCrowd</Filter>
    </ClInclude>
    <ClInclude Include="libs\DetourCrowd\Include\DetourObstacleAvoidance.h">
      <Filter>libs\DetourCrowd</Filter>
    </ClInclude>
    <ClInclude Include="libs\DetourCrowd\Include\DetourPathCorridor.h">
      <Filter>libs\DetourCrowd</Filter>
    </ClInclude>
    <ClInclude Include="libs\DetourCrowd\Include\DetourPathQueue.h">
      <Filter>libs\DetourCrowd</Filter>
    </ClInclude>
    <ClInclude Include="libs\DetourCrowd\Include\DetourProximityGrid.h">
      <Filter>libs\DetourCrowd</Filter>
    </ClInclude>
    <ClInclude Include="libs\Detour\Include\DetourAlloc.h">
      <Filter>libs\Detour</Filter>
    </ClInclude>
    <ClInclude Include="libs\Detour\Include\DetourAssert.h">
      <Filter>libs\Detour</Filter>
    </ClInclude>
    <ClInclude Include="libs\Detour\Include\DetourCommon.h">
      <Filter>libs\Detour</Filter>
    </ClInclude>
    <ClInclude Include="libs\Detour\Include\DetourMath.h">
      <Filter>libs\Detour</Filter>
    </ClInclude>
    <ClInclude Include="libs\Detour\Include\DetourNavMesh.h">
      <Filter>libs\Detour</Filter>
    </ClInclude>
    <ClInclude Include="libs\Detour\Include\DetourNavMeshBuilder.h">
      <Filter>libs\Detour</Filter>
    </ClInclude>
    <ClInclude Include="libs\Detour\Include\DetourNavMeshQuery.h">
      <Filter>libs\Detour</Filter>
    </ClInclude>
    <ClInclude Include="libs\Detour\Include\DetourNode.h">
      <Filter>libs\Detour</Filter>
    </ClInclude>
    <ClInclude Include="libs\Detour\Include\DetourStatus.h">
      <Filter>libs\Detour</Filter>
    </ClInclude>
    <ClInclude Include="libs\Recast\Include\Recast.h">
      <Filter>libs\Recast</Filter>
    </ClInclude>
    <ClInclude Include="libs\Recast\Include\RecastAlloc.h">
      <Filter>libs\Recast</Filter>
    </ClInclude>
    <ClInclude Include="libs\Recast\Include\RecastAssert.h">
      <Filter>libs\Recast</Filter>
    </ClInclude>
  </ItemGroup>
  <ItemGroup>
    <ClCompile Include="Windows\GenericWindow.cpp">
      <Filter>Windows</Filter>
    </ClCompile>
    <ClCompile Include="Windows\WindowsWindow.cpp">
      <Filter>Windows</Filter>
    </ClCompile>
    <ClCompile Include="libs\Delegates.cpp">
      <Filter>libs</Filter>
    </ClCompile>
    <ClCompile Include="libs\loguru\loguru.cpp">
      <Filter>libs\luguru</Filter>
    </ClCompile>
    <ClCompile Include="libs\DebugUtils\Source\DebugDraw.cpp">
      <Filter>libs\DebugUtils</Filter>
    </ClCompile>
    <ClCompile Include="libs\DebugUtils\Source\DetourDebugDraw.cpp">
      <Filter>libs\DebugUtils</Filter>
    </ClCompile>
    <ClCompile Include="libs\DebugUtils\Source\RecastDebugDraw.cpp">
      <Filter>libs\DebugUtils</Filter>
    </ClCompile>
    <ClCompile Include="libs\DebugUtils\Source\RecastDump.cpp">
      <Filter>libs\DebugUtils</Filter>
    </ClCompile>
    <ClCompile Include="libs\DetourTileCache\Source\DetourTileCache.cpp">
      <Filter>libs\DetourTileCache</Filter>
    </ClCompile>
    <ClCompile Include="libs\DetourTileCache\Source\DetourTileCacheBuilder.cpp">
      <Filter>libs\DetourTileCache</Filter>
    </ClCompile>
    <ClCompile Include="libs\DetourCrowd\Source\DetourCrowd.cpp">
      <Filter>libs\DetourCrowd</Filter>
    </ClCompile>
    <ClCompile Include="libs\DetourCrowd\Source\DetourLocalBoundary.cpp">
      <Filter>libs\DetourCrowd</Filter>
    </ClCompile>
    <ClCompile Include="libs\DetourCrowd\Source\DetourObstacleAvoidance.cpp">
      <Filter>libs\DetourCrowd</Filter>
    </ClCompile>
    <ClCompile Include="libs\DetourCrowd\Source\DetourPathCorridor.cpp">
      <Filter>libs\DetourCrowd</Filter>
    </ClCompile>
    <ClCompile Include="libs\DetourCrowd\Source\DetourPathQueue.cpp">
      <Filter>libs\DetourCrowd</Filter>
    </ClCompile>
    <ClCompile Include="libs\DetourCrowd\Source\DetourProximityGrid.cpp">
      <Filter>libs\DetourCrowd</Filter>
    </ClCompile>
    <ClCompile Include="libs\Detour\Source\DetourAlloc.cpp">
      <Filter>libs\Detour</Filter>
    </ClCompile>
    <ClCompile Include="libs\Detour\Source\DetourAssert.cpp">
      <Filter>libs\Detour</Filter>
    </ClCompile>
    <ClCompile Include="libs\Detour\Source\DetourCommon.cpp">
      <Filter>libs\Detour</Filter>
    </ClCompile>
    <ClCompile Include="libs\Detour\Source\DetourNavMesh.cpp">
      <Filter>libs\Detour</Filter>
    </ClCompile>
    <ClCompile Include="libs\Detour\Source\DetourNavMeshBuilder.cpp">
      <Filter>libs\Detour</Filter>
    </ClCompile>
    <ClCompile Include="libs\Detour\Source\DetourNavMeshQuery.cpp">
      <Filter>libs\Detour</Filter>
    </ClCompile>
    <ClCompile Include="libs\Detour\Source\DetourNode.cpp">
      <Filter>libs\Detour</Filter>
    </ClCompile>
    <ClCompile Include="libs\Recast\Source\Recast.cpp">
      <Filter>libs\Recast</Filter>
    </ClCompile>
    <ClCompile Include="libs\Recast\Source\RecastAlloc.cpp">
      <Filter>libs\Recast</Filter>
    </ClCompile>
    <ClCompile Include="libs\Recast\Source\RecastArea.cpp">
      <Filter>libs\Recast</Filter>
    </ClCompile>
    <ClCompile Include="libs\Recast\Source\RecastAssert.cpp">
      <Filter>libs\Recast</Filter>
    </ClCompile>
    <ClCompile Include="libs\Recast\Source\RecastContour.cpp">
      <Filter>libs\Recast</Filter>
    </ClCompile>
    <ClCompile Include="libs\Recast\Source\RecastFilter.cpp">
      <Filter>libs\Recast</Filter>
    </ClCompile>
    <ClCompile Include="libs\Recast\Source\RecastLayers.cpp">
      <Filter>libs\Recast</Filter>
    </ClCompile>
    <ClCompile Include="libs\Recast\Source\RecastMesh.cpp">
      <Filter>libs\Recast</Filter>
    </ClCompile>
    <ClCompile Include="libs\Recast\Source\RecastMeshDetail.cpp">
      <Filter>libs\Recast</Filter>
    </ClCompile>
    <ClCompile Include="libs\Recast\Source\RecastRasterization.cpp">
      <Filter>libs\Recast</Filter>
    </ClCompile>
    <ClCompile Include="libs\Recast\Source\RecastRegion.cpp">
      <Filter>libs\Recast</Filter>
    </ClCompile>
  </ItemGroup>
</Project>