<?xml version="1.0" encoding="utf-8"?>
<Project ToolsVersion="4.0" xmlns="http://schemas.microsoft.com/developer/msbuild/2003">
  <ItemGroup>
    <Filter Include="Source Files">
      <UniqueIdentifier>{4FC737F1-C7A5-4376-A066-2A32D752A2FF}</UniqueIdentifier>
      <Extensions>cpp;c;cc;cxx;c++;cppm;ixx;def;odl;idl;hpj;bat;asm;asmx</Extensions>
    </Filter>
    <Filter Include="Header Files">
      <UniqueIdentifier>{93995380-89BD-4b04-88EB-625FBE52EBFB}</UniqueIdentifier>
      <Extensions>h;hh;hpp;hxx;h++;hm;inl;inc;ipp;xsd</Extensions>
    </Filter>
    <Filter Include="Resource Files">
      <UniqueIdentifier>{67DA6AB6-F800-4c08-8B7A-83BB121AAD01}</UniqueIdentifier>
      <Extensions>rc;ico;cur;bmp;dlg;rc2;rct;bin;rgs;gif;jpg;jpeg;jpe;resx;tiff;tif;png;wav;mfcribbon-ms</Extensions>
    </Filter>
    <Filter Include="UI">
      <UniqueIdentifier>{f430dabe-200e-4ca2-955c-78ba1e2b5440}</UniqueIdentifier>
    </Filter>
    <Filter Include="ImGUI">
      <UniqueIdentifier>{97fc801d-eecc-491d-bd69-c2edfe137f17}</UniqueIdentifier>
    </Filter>
    <Filter Include="ImGuizmo">
      <UniqueIdentifier>{dd1d7e40-77dc-4d24-b59d-04667fa69257}</UniqueIdentifier>
    </Filter>
  </ItemGroup>
  <ItemGroup>
    <ClCompile Include="Visual.cpp">
      <Filter>UI</Filter>
    </ClCompile>
    <ClCompile Include="Widget.cpp">
      <Filter>UI</Filter>
    </ClCompile>
    <ClCompile Include="SliderWidget.cpp">
      <Filter>UI</Filter>
    </ClCompile>
    <ClCompile Include="MainWindow.cpp">
      <Filter>UI</Filter>
    </ClCompile>
    <ClCompile Include="Application.cpp">
      <Filter>Source Files</Filter>
    </ClCompile>
    <ClCompile Include="EditorApplication.cpp">
      <Filter>Source Files</Filter>
    </ClCompile>
    <ClCompile Include="Layer.cpp">
      <Filter>Source Files</Filter>
    </ClCompile>
    <ClCompile Include="LayerStack.cpp">
      <Filter>Source Files</Filter>
    </ClCompile>
    <ClCompile Include="EditorLayer.cpp">
      <Filter>Source Files</Filter>
    </ClCompile>
    <ClCompile Include="ImGuizmo\GraphEditor.cpp">
      <Filter>ImGuizmo</Filter>
    </ClCompile>
    <ClCompile Include="ImGuizmo\ImCurveEdit.cpp">
      <Filter>ImGuizmo</Filter>
    </ClCompile>
    <ClCompile Include="ImGuizmo\ImGradient.cpp">
      <Filter>ImGuizmo</Filter>
    </ClCompile>
    <ClCompile Include="ImGuizmo\ImGuizmo.cpp">
      <Filter>ImGuizmo</Filter>
    </ClCompile>
    <ClCompile Include="ImGuizmo\ImSequencer.cpp">
      <Filter>ImGuizmo</Filter>
    </ClCompile>
    <ClCompile Include="GameViewWindow.cpp">
      <Filter>Source Files</Filter>
    </ClCompile>
    <ClCompile Include="SceneHierarchyWindow.cpp">
      <Filter>Source Files</Filter>
    </ClCompile>
    <ClCompile Include="MenuBar.cpp">
      <Filter>Source Files</Filter>
    </ClCompile>
    <ClCompile Include="GameObjectInspectorWindow.cpp">
      <Filter>Source Files</Filter>
    </ClCompile>
    <ClCompile Include="ProjectSettingsWindow.cpp">
      <Filter>Source Files</Filter>
    </ClCompile>
    <ClCompile Include="EditorCamera.cpp">
      <Filter>Source Files</Filter>
    </ClCompile>
    <ClCompile Include="GameLayer.cpp">
      <Filter>Source Files</Filter>
    </ClCompile>
    <ClCompile Include="LogWindow.cpp">
      <Filter>Source Files</Filter>
    </ClCompile>
    <ClCompile Include="Resources\ExplorerWindow.cpp">
      <Filter>Source Files</Filter>
    </ClCompile>
    <ClCompile Include="Resources\ResourceData.cpp">
      <Filter>Source Files</Filter>
    </ClCompile>
    <ClCompile Include="Resources\MetadataReader.cpp">
      <Filter>Source Files</Filter>
    </ClCompile>
    <ClCompile Include="Resources\ResourceDrawer.cpp">
      <Filter>Source Files</Filter>
    </ClCompile>
    <ClCompile Include="ObjectDrawer.cpp">
      <Filter>Source Files</Filter>
    </ClCompile>
  </ItemGroup>
  <ItemGroup>
    <ClInclude Include="Visual.h">
      <Filter>UI</Filter>
    </ClInclude>
    <ClInclude Include="Widget.h">
      <Filter>UI</Filter>
    </ClInclude>
    <ClInclude Include="SliderWidget.h">
      <Filter>UI</Filter>
    </ClInclude>
    <ClInclude Include="MainWindow.h">
      <Filter>UI</Filter>
    </ClInclude>
    <ClInclude Include="Application.h">
      <Filter>Header Files</Filter>
    </ClInclude>
    <ClInclude Include="EditorApplication.h">
      <Filter>Header Files</Filter>
    </ClInclude>
    <ClInclude Include="Layer.h">
      <Filter>Header Files</Filter>
    </ClInclude>
    <ClInclude Include="LayerStack.h">
      <Filter>Header Files</Filter>
    </ClInclude>
    <ClInclude Include="EditorLayer.h">
      <Filter>Header Files</Filter>
    </ClInclude>
    <ClInclude Include="ImGuizmo\GraphEditor.h">
      <Filter>ImGuizmo</Filter>
    </ClInclude>
    <ClInclude Include="ImGuizmo\ImCurveEdit.h">
      <Filter>ImGuizmo</Filter>
    </ClInclude>
    <ClInclude Include="ImGuizmo\ImGradient.h">
      <Filter>ImGuizmo</Filter>
    </ClInclude>
    <ClInclude Include="ImGuizmo\ImGuizmo.h">
      <Filter>ImGuizmo</Filter>
    </ClInclude>
    <ClInclude Include="ImGuizmo\ImSequencer.h">
      <Filter>ImGuizmo</Filter>
    </ClInclude>
    <ClInclude Include="ImGuizmo\ImZoomSlider.h">
      <Filter>ImGuizmo</Filter>
    </ClInclude>
    <ClInclude Include="GameViewWindow.h">
      <Filter>Header Files</Filter>
    </ClInclude>
    <ClInclude Include="SceneHierarchyWindow.h">
      <Filter>Header Files</Filter>
    </ClInclude>
    <ClInclude Include="MenuBar.h">
      <Filter>Header Files</Filter>
    </ClInclude>
    <ClInclude Include="GameObjectInspectorWindow.h">
      <Filter>Header Files</Filter>
    </ClInclude>
    <ClInclude Include="ProjectSettingsWindow.h">
      <Filter>Header Files</Filter>
    </ClInclude>
    <ClInclude Include="EditorCamera.h">
      <Filter>Header Files</Filter>
    </ClInclude>
    <ClInclude Include="IEditorWindow.h">
      <Filter>Header Files</Filter>
    </ClInclude>
    <ClInclude Include="GameLayer.h">
      <Filter>Header Files</Filter>
    </ClInclude>
    <ClInclude Include="ImGuiLayer.h">
      <Filter>Header Files</Filter>
    </ClInclude>
    <ClInclude Include="LogWindow.h">
      <Filter>Header Files</Filter>
    </ClInclude>
    <ClInclude Include="Resources\ExplorerWindow.h">
      <Filter>Header Files</Filter>
    </ClInclude>
    <ClInclude Include="Resources\FileType.h">
      <Filter>Header Files</Filter>
    </ClInclude>
    <ClInclude Include="Resources\ResourceData.h">
      <Filter>Header Files</Filter>
    </ClInclude>
    <ClInclude Include="Resources\MetadataReader.h">
      <Filter>Header Files</Filter>
    </ClInclude>
    <ClInclude Include="Resources\ResourceDrawer.h">
      <Filter>Header Files</Filter>
    </ClInclude>
    <ClInclude Include="ObjectDrawer.h">
      <Filter>Header Files</Filter>
    </ClInclude>
  </ItemGroup>
</Project>