<?xml version="1.0" encoding="utf-8"?>
<Project ToolsVersion="4.0" xmlns="http://schemas.microsoft.com/developer/msbuild/2003">
  <ItemGroup>
    <Filter Include="Source Files">
      <UniqueIdentifier>{4FC737F1-C7A5-4376-A066-2A32D752A2FF}</UniqueIdentifier>
      <Extensions>cpp;c;cc;cxx;c++;cppm;ixx;def;odl;idl;hpj;bat;asm;asmx</Extensions>
    </Filter>
    <Filter Include="Header Files">
      <UniqueIdentifier>{93995380-89BD-4b04-88EB-625FBE52EBFB}</UniqueIdentifier>
      <Extensions>h;hh;hpp;hxx;h++;hm;inl;inc;ipp;xsd</Extensions>
    </Filter>
    <Filter Include="Resource Files">
      <UniqueIdentifier>{67DA6AB6-F800-4c08-8B7A-83BB121AAD01}</UniqueIdentifier>
      <Extensions>rc;ico;cur;bmp;dlg;rc2;rct;bin;rgs;gif;jpg;jpeg;jpe;resx;tiff;tif;png;wav;mfcribbon-ms</Extensions>
    </Filter>
    <Filter Include="UI">
      <UniqueIdentifier>{f430dabe-200e-4ca2-955c-78ba1e2b5440}</UniqueIdentifier>
    </Filter>
    <Filter Include="ImGUI">
      <UniqueIdentifier>{97fc801d-eecc-491d-bd69-c2edfe137f17}</UniqueIdentifier>
    </Filter>
    <Filter Include="InputSystem">
      <UniqueIdentifier>{0ca7dd2c-f6e5-4ad8-8f04-0adb4c48b707}</UniqueIdentifier>
    </Filter>
    <Filter Include="libs">
      <UniqueIdentifier>{917df45b-4449-414a-9406-3714e91334c4}</UniqueIdentifier>
    </Filter>
    <Filter Include="ImGuizmo">
      <UniqueIdentifier>{dd1d7e40-77dc-4d24-b59d-04667fa69257}</UniqueIdentifier>
    </Filter>
    <Filter Include="libs\ini">
      <UniqueIdentifier>{fcd64c00-a226-449d-821b-b82e87eef028}</UniqueIdentifier>
    </Filter>
  </ItemGroup>
  <ItemGroup>
    <ClCompile Include="Visual.cpp">
      <Filter>UI</Filter>
    </ClCompile>
    <ClCompile Include="Widget.cpp">
      <Filter>UI</Filter>
    </ClCompile>
    <ClCompile Include="SliderWidget.cpp">
      <Filter>UI</Filter>
    </ClCompile>
    <ClCompile Include="MainWindow.cpp">
      <Filter>UI</Filter>
    </ClCompile>
    <ClCompile Include="Application.cpp">
      <Filter>Source Files</Filter>
    </ClCompile>
    <ClCompile Include="EditorApplication.cpp">
      <Filter>Source Files</Filter>
    </ClCompile>
    <ClCompile Include="Layer.cpp">
      <Filter>Source Files</Filter>
    </ClCompile>
    <ClCompile Include="LayerStack.cpp">
      <Filter>Source Files</Filter>
    </ClCompile>
    <ClCompile Include="InputSystem\Keyboard.cpp">
      <Filter>InputSystem</Filter>
    </ClCompile>
    <ClCompile Include="InputSystem\Mouse.cpp">
      <Filter>InputSystem</Filter>
    </ClCompile>
    <ClCompile Include="InputSystem\InputManager.cpp">
      <Filter>InputSystem</Filter>
    </ClCompile>
    <ClCompile Include="EditorLayer.cpp">
      <Filter>Source Files</Filter>
    </ClCompile>
    <ClCompile Include="ImGuizmo\GraphEditor.cpp">
      <Filter>ImGuizmo</Filter>
    </ClCompile>
    <ClCompile Include="ImGuizmo\ImCurveEdit.cpp">
      <Filter>ImGuizmo</Filter>
    </ClCompile>
    <ClCompile Include="ImGuizmo\ImGradient.cpp">
      <Filter>ImGuizmo</Filter>
    </ClCompile>
    <ClCompile Include="ImGuizmo\ImGuizmo.cpp">
      <Filter>ImGuizmo</Filter>
    </ClCompile>
    <ClCompile Include="ImGuizmo\ImSequencer.cpp">
      <Filter>ImGuizmo</Filter>
    </ClCompile>
    <ClCompile Include="ImGuiLayer.cpp">
      <Filter>Source Files</Filter>
    </ClCompile>
    <ClCompile Include="GameViewWindow.cpp">
      <Filter>Source Files</Filter>
    </ClCompile>
    <ClCompile Include="SceneHierarchyWindow.cpp">
      <Filter>Source Files</Filter>
    </ClCompile>
    <ClCompile Include="MenuBar.cpp">
      <Filter>Source Files</Filter>
    </ClCompile>
    <ClCompile Include="PropertyWindow.cpp">
      <Filter>Source Files</Filter>
    </ClCompile>
    <ClCompile Include="libs\ini\IniReaderWriter.cpp">
      <Filter>libs\ini</Filter>
    </ClCompile>
    <ClCompile Include="InputSystem\ConfigReaderWriterFactory.cpp">
      <Filter>InputSystem</Filter>
    </ClCompile>
    <ClCompile Include="ConfigReaderWriter.cpp">
      <Filter>InputSystem</Filter>
    </ClCompile>
  </ItemGroup>
  <ItemGroup>
    <ClInclude Include="Visual.h">
      <Filter>UI</Filter>
    </ClInclude>
    <ClInclude Include="Widget.h">
      <Filter>UI</Filter>
    </ClInclude>
    <ClInclude Include="imgui\imconfig.h">
      <Filter>ImGUI</Filter>
    </ClInclude>
    <ClInclude Include="imgui\imgui.h">
      <Filter>ImGUI</Filter>
    </ClInclude>
    <ClInclude Include="imgui\imgui_internal.h">
      <Filter>ImGUI</Filter>
    </ClInclude>
    <ClInclude Include="imgui\imstb_rectpack.h">
      <Filter>ImGUI</Filter>
    </ClInclude>
    <ClInclude Include="imgui\imstb_textedit.h">
      <Filter>ImGUI</Filter>
    </ClInclude>
    <ClInclude Include="imgui\imstb_truetype.h">
      <Filter>ImGUI</Filter>
    </ClInclude>
    <ClInclude Include="SliderWidget.h">
      <Filter>UI</Filter>
    </ClInclude>
    <ClInclude Include="MainWindow.h">
      <Filter>UI</Filter>
    </ClInclude>
    <ClInclude Include="Application.h">
      <Filter>Header Files</Filter>
    </ClInclude>
    <ClInclude Include="EditorApplication.h">
      <Filter>Header Files</Filter>
    </ClInclude>
    <ClInclude Include="Delegates.h">
      <Filter>Header Files</Filter>
    </ClInclude>
    <ClInclude Include="Layer.h">
      <Filter>Header Files</Filter>
    </ClInclude>
    <ClInclude Include="LayerStack.h">
      <Filter>Header Files</Filter>
    </ClInclude>
    <ClInclude Include="InputSystem\Keyboard.h">
      <Filter>InputSystem</Filter>
    </ClInclude>
    <ClInclude Include="InputSystem\Mouse.h">
      <Filter>InputSystem</Filter>
    </ClInclude>
    <ClInclude Include="InputSystem\InputManager.h">
      <Filter>InputSystem</Filter>
    </ClInclude>
    <ClInclude Include="InputSystem\InputEvent.h">
      <Filter>InputSystem</Filter>
    </ClInclude>
    <ClInclude Include="libs\nameof.hpp">
      <Filter>libs</Filter>
    </ClInclude>
    <ClInclude Include="EditorLayer.h">
      <Filter>Header Files</Filter>
    </ClInclude>
    <ClInclude Include="ImGuizmo\GraphEditor.h">
      <Filter>ImGuizmo</Filter>
    </ClInclude>
    <ClInclude Include="ImGuizmo\ImCurveEdit.h">
      <Filter>ImGuizmo</Filter>
    </ClInclude>
    <ClInclude Include="ImGuizmo\ImGradient.h">
      <Filter>ImGuizmo</Filter>
    </ClInclude>
    <ClInclude Include="ImGuizmo\ImGuizmo.h">
      <Filter>ImGuizmo</Filter>
    </ClInclude>
    <ClInclude Include="ImGuizmo\ImSequencer.h">
      <Filter>ImGuizmo</Filter>
    </ClInclude>
    <ClInclude Include="ImGuizmo\ImZoomSlider.h">
      <Filter>ImGuizmo</Filter>
    </ClInclude>
    <ClInclude Include="ImGuiLayer.h">
      <Filter>Header Files</Filter>
    </ClInclude>
    <ClInclude Include="InputSystem\InputKeys.h">
      <Filter>InputSystem</Filter>
    </ClInclude>
    <ClInclude Include="GameViewWindow.h">
      <Filter>Header Files</Filter>
    </ClInclude>
    <ClInclude Include="SceneHierarchyWindow.h">
      <Filter>Header Files</Filter>
    </ClInclude>
    <ClInclude Include="MenuBar.h">
      <Filter>Header Files</Filter>
    </ClInclude>
    <ClInclude Include="PropertyWindow.h">
      <Filter>Header Files</Filter>
    </ClInclude>
    <ClInclude Include="libs\ini\ini.h">
      <Filter>libs\ini</Filter>
    </ClInclude>
    <ClInclude Include="libs\ini\IniReaderWriter.h">
      <Filter>libs\ini</Filter>
    </ClInclude>
    <ClInclude Include="libs\magic_enum.hpp">
      <Filter>libs</Filter>
    </ClInclude>
    <ClInclude Include="InputSystem\ConfigReaderWriter.h">
      <Filter>InputSystem</Filter>
    </ClInclude>
    <ClInclude Include="InputSystem\ConfigReaderWriterFactory.h">
      <Filter>InputSystem</Filter>
    </ClInclude>
  </ItemGroup>
</Project>